
Microsoft Visual Studio Solution File, Format Version 12.00
# Visual Studio Version 17
VisualStudioVersion = 17.5.002.0
MinimumVisualStudioVersion = 10.0.40219.1
Project("{9A19103F-16F7-4668-BE54-9A1E7A4F7556}") = "Task3", "Task3.csproj", "{84AAE1C8-F12F-4D66-A36E-45F48051D401}"
EndProject
Global
	GlobalSection(SolutionConfigurationPlatforms) = preSolution
		Debug|Any CPU = Debug|Any CPU
		Release|Any CPU = Release|Any CPU
	EndGlobalSection
	GlobalSection(ProjectConfigurationPlatforms) = postSolution
		{84AAE1C8-F12F-4D66-A36E-45F48051D401}.Debug|Any CPU.ActiveCfg = Debug|Any CPU
		{84AAE1C8-F12F-4D66-A36E-45F48051D401}.Debug|Any CPU.Build.0 = Debug|Any CPU
		{84AAE1C8-F12F-4D66-A36E-45F48051D401}.Release|Any CPU.ActiveCfg = Release|Any CPU
		{84AAE1C8-F12F-4D66-A36E-45F48051D401}.Release|Any CPU.Build.0 = Release|Any CPU
	EndGlobalSection
	GlobalSection(SolutionProperties) = preSolution
		HideSolutionNode = FALSE
	EndGlobalSection
	GlobalSection(ExtensibilityGlobals) = postSolution
		SolutionGuid = {ECFD1F34-2478-4961-BF37-5937B35A5408}
	EndGlobalSection
EndGlobal
